
Microsoft Visual Studio Solution File, Format Version 12.00
# Visual Studio 15
Project("{FAE04EC0-301F-11D3-BF4B-00C04F79EFBC}") = "Assembly-CSharp-firstpass", "Assembly-CSharp-firstpass.csproj", "{3738AFE2-B9E4-DD42-B081-B1758375C4FE}"
EndProject
Project("{FAE04EC0-301F-11D3-BF4B-00C04F79EFBC}") = "Assembly-CSharp", "Assembly-CSharp.csproj", "{71920F90-94EB-848F-C461-DDB0F64E5485}"
EndProject
Project("{FAE04EC0-301F-11D3-BF4B-00C04F79EFBC}") = "Assembly-CSharp-Editor-firstpass", "Assembly-CSharp-Editor-firstpass.csproj", "{72ECF6D5-9C47-815B-6735-9D34454AC131}"
EndProject
Global
	GlobalSection(SolutionConfigurationPlatforms) = preSolution
		Debug|Any CPU = Debug|Any CPU
		Release|Any CPU = Release|Any CPU
	EndGlobalSection
	GlobalSection(ProjectConfigurationPlatforms) = postSolution
		{3738AFE2-B9E4-DD42-B081-B1758375C4FE}.Debug|Any CPU.ActiveCfg = Debug|Any CPU
		{3738AFE2-B9E4-DD42-B081-B1758375C4FE}.Debug|Any CPU.Build.0 = Debug|Any CPU
		{3738AFE2-B9E4-DD42-B081-B1758375C4FE}.Release|Any CPU.ActiveCfg = Release|Any CPU
		{3738AFE2-B9E4-DD42-B081-B1758375C4FE}.Release|Any CPU.Build.0 = Release|Any CPU
		{71920F90-94EB-848F-C461-DDB0F64E5485}.Debug|Any CPU.ActiveCfg = Debug|Any CPU
		{71920F90-94EB-848F-C461-DDB0F64E5485}.Debug|Any CPU.Build.0 = Debug|Any CPU
		{71920F90-94EB-848F-C461-DDB0F64E5485}.Release|Any CPU.ActiveCfg = Release|Any CPU
		{71920F90-94EB-848F-C461-DDB0F64E5485}.Release|Any CPU.Build.0 = Release|Any CPU
		{72ECF6D5-9C47-815B-6735-9D34454AC131}.Debug|Any CPU.ActiveCfg = Debug|Any CPU
		{72ECF6D5-9C47-815B-6735-9D34454AC131}.Debug|Any CPU.Build.0 = Debug|Any CPU
		{72ECF6D5-9C47-815B-6735-9D34454AC131}.Release|Any CPU.ActiveCfg = Release|Any CPU
		{72ECF6D5-9C47-815B-6735-9D34454AC131}.Release|Any CPU.Build.0 = Release|Any CPU
	EndGlobalSection
	GlobalSection(SolutionProperties) = preSolution
		HideSolutionNode = FALSE
	EndGlobalSection
EndGlobal
